<?xml version="1.0" encoding="utf-8"?>
<Project ToolsVersion="Current" xmlns="http://schemas.microsoft.com/developer/msbuild/2003">
  <ItemGroup>
    <Filter Include="ヘッダファイル">
      <UniqueIdentifier>{836be25e-0c88-486f-8196-62c0a8d23ef2}</UniqueIdentifier>
    </Filter>
    <Filter Include="ソースファイル">
      <UniqueIdentifier>{d95c6b6a-2d51-4df4-a394-a2a0cd6e17f6}</UniqueIdentifier>
    </Filter>
  </ItemGroup>
  <ItemGroup>
    <ClCompile Include="winmain.cpp">
      <Filter>ソースファイル</Filter>
    </ClCompile>
    <ClCompile Include="shot.cpp">
      <Filter>ソースファイル</Filter>
    </ClCompile>
    <ClCompile Include="player.cpp">
      <Filter>ソースファイル</Filter>
    </ClCompile>
    <ClCompile Include="game.cpp">
      <Filter>ソースファイル</Filter>
    </ClCompile>
    <ClCompile Include="enemyshot.cpp">
      <Filter>ソースファイル</Filter>
    </ClCompile>
    <ClCompile Include="stage1enemy.cpp">
      <Filter>ソースファイル</Filter>
    </ClCompile>
    <ClCompile Include="en.cpp">
      <Filter>ソースファイル</Filter>
    </ClCompile>
    <ClCompile Include="effect.cpp">
      <Filter>ソースファイル</Filter>
    </ClCompile>
    <ClCompile Include="bgsprite.cpp">
      <Filter>ソースファイル</Filter>
    </ClCompile>
    <ClCompile Include="UI.cpp">
      <Filter>ソースファイル</Filter>
    </ClCompile>
  </ItemGroup>
  <ItemGroup>
    <ClInclude Include="shot.h">
      <Filter>ヘッダファイル</Filter>
    </ClInclude>
    <ClInclude Include="player.h">
      <Filter>ヘッダファイル</Filter>
    </ClInclude>
    <ClInclude Include="game.h">
      <Filter>ヘッダファイル</Filter>
    </ClInclude>
    <ClInclude Include="enemyshot.h">
      <Filter>ヘッダファイル</Filter>
    </ClInclude>
    <ClInclude Include="stage1enemy.h">
      <Filter>ヘッダファイル</Filter>
    </ClInclude>
    <ClInclude Include="en.h">
      <Filter>ヘッダファイル</Filter>
    </ClInclude>
    <ClInclude Include="effect.h">
      <Filter>ヘッダファイル</Filter>
    </ClInclude>
    <ClInclude Include="bgsprite.h">
      <Filter>ヘッダファイル</Filter>
    </ClInclude>
    <ClInclude Include="UI.h">
      <Filter>ヘッダファイル</Filter>
    </ClInclude>
  </ItemGroup>
</Project>